
Microsoft Visual Studio Solution File, Format Version 12.00
# Visual Studio Version 16
VisualStudioVersion = 16.0.28803.352
MinimumVisualStudioVersion = 10.0.40219.1
Project("{9A19103F-16F7-4668-BE54-9A1E7A4F7556}") = "EdityMcEditface", "EdityMcEditface\EdityMcEditface.csproj", "{FF4F8793-5C01-40A2-881F-25DD1839B474}"
EndProject
Project("{9A19103F-16F7-4668-BE54-9A1E7A4F7556}") = "EdityMcEditface.HtmlRenderer", "EdityMcEditface.HtmlRenderer\EdityMcEditface.HtmlRenderer.csproj", "{6F6510D0-B13C-4982-9188-E1B8F64CD73F}"
EndProject
Project("{9A19103F-16F7-4668-BE54-9A1E7A4F7556}") = "EdityMcEditface.Mvc", "EdityMcEditface.Mvc\EdityMcEditface.Mvc.csproj", "{5A399BF5-5C24-471E-8DB6-9E25B1B877BF}"
EndProject
Project("{9A19103F-16F7-4668-BE54-9A1E7A4F7556}") = "EdityMcEditface.HtmlRenderer.Tests", "EdityMcEditface.HtmlRenderer.Tests\EdityMcEditface.HtmlRenderer.Tests.csproj", "{14AA1943-5A9E-4E22-8439-401FCD296832}"
EndProject
Project("{9A19103F-16F7-4668-BE54-9A1E7A4F7556}") = "EdityMcEditface.Mvc.Tests", "EdityMcEditface.Mvc.Tests\EdityMcEditface.Mvc.Tests.csproj", "{741729BE-7C82-407F-8B9E-FB272D765C4C}"
EndProject
Global
	GlobalSection(SolutionConfigurationPlatforms) = preSolution
		Debug|Any CPU = Debug|Any CPU
		Release|Any CPU = Release|Any CPU
	EndGlobalSection
	GlobalSection(ProjectConfigurationPlatforms) = postSolution
		{FF4F8793-5C01-40A2-881F-25DD1839B474}.Debug|Any CPU.ActiveCfg = Debug|Any CPU
		{FF4F8793-5C01-40A2-881F-25DD1839B474}.Debug|Any CPU.Build.0 = Debug|Any CPU
		{FF4F8793-5C01-40A2-881F-25DD1839B474}.Release|Any CPU.ActiveCfg = Release|Any CPU
		{FF4F8793-5C01-40A2-881F-25DD1839B474}.Release|Any CPU.Build.0 = Release|Any CPU
		{6F6510D0-B13C-4982-9188-E1B8F64CD73F}.Debug|Any CPU.ActiveCfg = Debug|Any CPU
		{6F6510D0-B13C-4982-9188-E1B8F64CD73F}.Debug|Any CPU.Build.0 = Debug|Any CPU
		{6F6510D0-B13C-4982-9188-E1B8F64CD73F}.Release|Any CPU.ActiveCfg = Release|Any CPU
		{6F6510D0-B13C-4982-9188-E1B8F64CD73F}.Release|Any CPU.Build.0 = Release|Any CPU
		{5A399BF5-5C24-471E-8DB6-9E25B1B877BF}.Debug|Any CPU.ActiveCfg = Debug|Any CPU
		{5A399BF5-5C24-471E-8DB6-9E25B1B877BF}.Debug|Any CPU.Build.0 = Debug|Any CPU
		{5A399BF5-5C24-471E-8DB6-9E25B1B877BF}.Release|Any CPU.ActiveCfg = Release|Any CPU
		{5A399BF5-5C24-471E-8DB6-9E25B1B877BF}.Release|Any CPU.Build.0 = Release|Any CPU
		{14AA1943-5A9E-4E22-8439-401FCD296832}.Debug|Any CPU.ActiveCfg = Debug|Any CPU
		{14AA1943-5A9E-4E22-8439-401FCD296832}.Debug|Any CPU.Build.0 = Debug|Any CPU
		{14AA1943-5A9E-4E22-8439-401FCD296832}.Release|Any CPU.ActiveCfg = Release|Any CPU
		{14AA1943-5A9E-4E22-8439-401FCD296832}.Release|Any CPU.Build.0 = Release|Any CPU
		{741729BE-7C82-407F-8B9E-FB272D765C4C}.Debug|Any CPU.ActiveCfg = Debug|Any CPU
		{741729BE-7C82-407F-8B9E-FB272D765C4C}.Debug|Any CPU.Build.0 = Debug|Any CPU
		{741729BE-7C82-407F-8B9E-FB272D765C4C}.Release|Any CPU.ActiveCfg = Release|Any CPU
		{741729BE-7C82-407F-8B9E-FB272D765C4C}.Release|Any CPU.Build.0 = Release|Any CPU
	EndGlobalSection
	GlobalSection(SolutionProperties) = preSolution
		HideSolutionNode = FALSE
	EndGlobalSection
	GlobalSection(ExtensibilityGlobals) = postSolution
		SolutionGuid = {162A187C-6A72-4448-A14B-8AD4A0F599DA}
	EndGlobalSection
EndGlobal
