
Microsoft Visual Studio Solution File, Format Version 12.00
# Visual Studio 14
VisualStudioVersion = 14.0.25123.0
MinimumVisualStudioVersion = 10.0.40219.1
Project("{8BB2217D-0F2D-49D1-97BC-3654ED321F3B}") = "HtmlRenderer", "HtmlRenderer\HtmlRenderer.xproj", "{1B0DCB7B-4307-4B59-A439-82DDCD0166A1}"
EndProject
Project("{8BB2217D-0F2D-49D1-97BC-3654ED321F3B}") = "EdityMcEditface", "EdityMcEditface\EdityMcEditface.xproj", "{FF4F8793-5C01-40A2-881F-25DD1839B474}"
EndProject
Global
	GlobalSection(SolutionConfigurationPlatforms) = preSolution
		Debug|Any CPU = Debug|Any CPU
		Release|Any CPU = Release|Any CPU
	EndGlobalSection
	GlobalSection(ProjectConfigurationPlatforms) = postSolution
		{1B0DCB7B-4307-4B59-A439-82DDCD0166A1}.Debug|Any CPU.ActiveCfg = Debug|Any CPU
		{1B0DCB7B-4307-4B59-A439-82DDCD0166A1}.Debug|Any CPU.Build.0 = Debug|Any CPU
		{1B0DCB7B-4307-4B59-A439-82DDCD0166A1}.Release|Any CPU.ActiveCfg = Release|Any CPU
		{1B0DCB7B-4307-4B59-A439-82DDCD0166A1}.Release|Any CPU.Build.0 = Release|Any CPU
		{FF4F8793-5C01-40A2-881F-25DD1839B474}.Debug|Any CPU.ActiveCfg = Debug|Any CPU
		{FF4F8793-5C01-40A2-881F-25DD1839B474}.Debug|Any CPU.Build.0 = Debug|Any CPU
		{FF4F8793-5C01-40A2-881F-25DD1839B474}.Release|Any CPU.ActiveCfg = Release|Any CPU
		{FF4F8793-5C01-40A2-881F-25DD1839B474}.Release|Any CPU.Build.0 = Release|Any CPU
	EndGlobalSection
	GlobalSection(SolutionProperties) = preSolution
		HideSolutionNode = FALSE
	EndGlobalSection
EndGlobal
