{
  "name": "asp.net",
  "version": "0.0.0",
  "lockfileVersion": 1,
  "requires": true,
  "dependencies": {
    "@types/es6-promise": {
      "version": "0.0.32",
      "resolved": "https://registry.npmjs.org/@types/es6-promise/-/es6-promise-0.0.32.tgz",
      "integrity": "sha1-O89E+x5Cnz33YYjIxth0Rjujcf0="
    },
    "bootstrap": {
      "version": "3.4.1",
      "resolved": "https://registry.npmjs.org/bootstrap/-/bootstrap-3.4.1.tgz",
      "integrity": "sha512-yN5oZVmRCwe5aKwzRj6736nSmKDX7pLYwsXiCj/EYmo16hODaBiT4En5btW/jhBF/seV+XMx3aYwukYC3A49DA=="
    },
    "ckeditor": {
      "version": "4.11.4",
      "resolved": "https://registry.npmjs.org/ckeditor/-/ckeditor-4.11.4.tgz",
      "integrity": "sha512-h1EymdwFDdQuDO1vEisUagZ/WYiDnvvvtftYmbmqbbUf9vk21ovXb7mXnQimvTYJfRQBgJCoqfjFDfcQIfw9ig=="
    },
    "ckeditor-youtube-plugin": {
      "version": "2.1.13",
      "resolved": "https://registry.npmjs.org/ckeditor-youtube-plugin/-/ckeditor-youtube-plugin-2.1.13.tgz",
      "integrity": "sha512-V6EQjXtDzp1p4eGmkYHk1+YAwT76oWC9804W8+COBhRn6NlwPRahgVv7VTsSoahb9CPIaTb7QNdFNpUIP2BoIg=="
    },
    "codemirror": {
      "version": "5.46.0",
      "resolved": "https://registry.npmjs.org/codemirror/-/codemirror-5.46.0.tgz",
      "integrity": "sha512-3QpMge0vg4QEhHW3hBAtCipJEWjTJrqLLXdIaWptJOblf1vHFeXLNtFhPai/uX2lnFCehWNk4yOdaMR853Z02w=="
    },
    "editymceditface.client": {
      "version": "14.3.1",
      "resolved": "https://registry.npmjs.org/editymceditface.client/-/editymceditface.client-14.3.1.tgz",
      "integrity": "sha512-xSZOikRBv0STgf9gCkJejEDlX6dBWj41uc9fXr5SgXbxRB0fSehr9HYpe9qleUHLV/yE+36AkiDHUfOzuxTNZg==",
      "requires": {
        "bootstrap": "^3.3.7",
        "ckeditor": "^4.11.1",
        "ckeditor-youtube-plugin": "^2.1.5",
        "codemirror": "^5.28.0",
        "htmlrapier": ">=14.5.0",
        "htmlrapier.bootstrap": ">=6.0.4",
        "htmlrapier.halcyon": ">=7.1.0",
        "htmlrapier.sidebar": ">=3.0.2",
        "htmlrapier.treemenu": ">=6.0.1",
        "htmlrapier.widgets": ">=9.2.0",
        "jsns": ">=5.0.0"
      }
    },
    "htmlrapier": {
      "version": "19.4.0",
      "resolved": "https://registry.npmjs.org/htmlrapier/-/htmlrapier-19.4.0.tgz",
      "integrity": "sha512-U8+7kV+mY80LroqixjvQYHfkaZmHygyt6v6hlbQvkFIAvI29upjyhGvmb6rwDWO5VX//ER8mliovDXrlReUoiQ==",
      "requires": {
        "@types/es6-promise": "^0.0.32",
        "tslib": "^1.6.1"
      }
    },
    "htmlrapier.bootstrap": {
      "version": "7.1.0",
      "resolved": "https://registry.npmjs.org/htmlrapier.bootstrap/-/htmlrapier.bootstrap-7.1.0.tgz",
      "integrity": "sha512-ydYUZvK8baRgxEsqq3dUhbu5Sgfkk2IBd4PPcy9ndlLbMiumwMIWCZ34dWhByRjRhKvg/O8cP/zlJPTHVc/giw==",
      "requires": {
        "bootstrap": ">=3.3.7",
        "htmlrapier": ">=8.1.0",
        "jquery": ">=3.4.0"
      }
    },
    "htmlrapier.form.bootstrap3": {
      "version": "1.1.0",
      "resolved": "https://registry.npmjs.org/htmlrapier.form.bootstrap3/-/htmlrapier.form.bootstrap3-1.1.0.tgz",
      "integrity": "sha512-0QY16nHzgr4puc3OV9hhRSK/+TxPJBLLmoAVTlQsxFSmrxa/Te7G3Bmw8RwS8+cbTNbNlhF0ZvzYhenoQN/Kdw==",
      "requires": {
        "bootstrap": "^3.3.7",
        "htmlrapier": ">=19.0.0"
      }
    },
    "htmlrapier.halcyon": {
      "version": "7.1.0",
      "resolved": "https://registry.npmjs.org/htmlrapier.halcyon/-/htmlrapier.halcyon-7.1.0.tgz",
      "integrity": "sha512-Kqni9nfT0KnaQ649gbAp8TZOTekHQvJISdJYP6HWHR0A9NabdcGvXJ1YYzi/6P2mDPoi3FhH6eKfl7GiZd0bvg==",
      "requires": {
        "htmlrapier": ">=10.0.2"
      }
    },
    "htmlrapier.sidebar": {
      "version": "3.0.2",
      "resolved": "https://registry.npmjs.org/htmlrapier.sidebar/-/htmlrapier.sidebar-3.0.2.tgz",
      "integrity": "sha1-3x9VqEu1b2MobSKEY9F5L5YXiLA=",
      "requires": {
        "bootstrap": "~3.3.6",
        "htmlrapier": ">=10.0.0"
      },
      "dependencies": {
        "bootstrap": {
          "version": "3.3.7",
          "resolved": "https://registry.npmjs.org/bootstrap/-/bootstrap-3.3.7.tgz",
          "integrity": "sha1-WjiTlFSfIzMIdaOxUGVldPip63E="
        }
      }
    },
    "htmlrapier.treemenu": {
      "version": "6.1.1",
      "resolved": "https://registry.npmjs.org/htmlrapier.treemenu/-/htmlrapier.treemenu-6.1.1.tgz",
      "integrity": "sha512-H4SAPitse3j5Y5k9kSpDq0BKPdoc7xlKtQksQBn7efctb1qwmkWnJ4w+uq451sOA51uoIFBW8pLPEZPyYEecNg==",
      "requires": {
        "htmlrapier": ">=8.0.1"
      }
    },
    "htmlrapier.widgets": {
      "version": "15.8.0",
      "resolved": "https://registry.npmjs.org/htmlrapier.widgets/-/htmlrapier.widgets-15.8.0.tgz",
      "integrity": "sha512-iqLy4mw9rRQ+Mi+WeDZ5X0AazdrjjIuZQjzPqI3dmvj8+owNq+enFOB5wtIzQtrHuDf98BBfubp0geisJ+Vx/w==",
      "requires": {
        "htmlrapier": ">=14.3.0",
        "htmlrapier.halcyon": ">=7.0.0"
      }
    },
    "jquery": {
      "version": "3.4.1",
      "resolved": "https://registry.npmjs.org/jquery/-/jquery-3.4.1.tgz",
      "integrity": "sha512-36+AdBzCL+y6qjw5Tx7HgzeGCzC81MDDgaUP8ld2zhx58HdqXGoBd+tHdrBMiyjGQs0Hxs/MLZTu/eHNJJuWPw=="
    },
    "jsns": {
      "version": "5.0.0",
      "resolved": "https://registry.npmjs.org/jsns/-/jsns-5.0.0.tgz",
      "integrity": "sha1-x2QpuCKmgQDu+NS40/EXKwKGZOQ="
    },
    "tslib": {
      "version": "1.9.3",
      "resolved": "https://registry.npmjs.org/tslib/-/tslib-1.9.3.tgz",
      "integrity": "sha512-4krF8scpejhaOgqzBEcGM7yDIEfi0/8+8zDRZhNZZ2kjmHJ4hv3zCbQWxoJGz1iw5U0Jl0nma13xzHXcncMavQ=="
    }
  }
}
