# THIS IS AN AUTOGENERATED FILE. DO NOT EDIT THIS FILE DIRECTLY.
# yarn lockfile v1


"@types/es6-promise@^0.0.32":
  version "0.0.32"
  resolved "https://registry.yarnpkg.com/@types/es6-promise/-/es6-promise-0.0.32.tgz#3bcf44fb1e429f3df76188c8c6d874463ba371fd"
  integrity sha1-O89E+x5Cnz33YYjIxth0Rjujcf0=

"@types/node@^6.0.69":
  version "6.14.2"
  resolved "https://registry.yarnpkg.com/@types/node/-/node-6.14.2.tgz#40b3dbb1221c7d66802cbcc32fe3b85e54569c77"
  integrity sha512-JWB3xaVfsfnFY8Ofc9rTB/op0fqqTSqy4vBcVk1LuRJvta7KTX+D//fCkiTMeLGhdr2EbFZzQjC97gvmPilk9Q==

bootstrap@3.3.7, bootstrap@>=3.3.7, bootstrap@^3.3.7, bootstrap@~3.3.6, bootstrap@~3.3.7:
  version "3.3.7"
  resolved "https://registry.yarnpkg.com/bootstrap/-/bootstrap-3.3.7.tgz#5a389394549f23330875a3b150656574f8a9eb71"
  integrity sha1-WjiTlFSfIzMIdaOxUGVldPip63E=

ckeditor-youtube-plugin@^2.1.5:
  version "2.1.13"
  resolved "https://registry.yarnpkg.com/ckeditor-youtube-plugin/-/ckeditor-youtube-plugin-2.1.13.tgz#2f5901ea15db7d730e5f9104827459daa2766bb7"
  integrity sha512-V6EQjXtDzp1p4eGmkYHk1+YAwT76oWC9804W8+COBhRn6NlwPRahgVv7VTsSoahb9CPIaTb7QNdFNpUIP2BoIg==

ckeditor@~4.7.1:
  version "4.7.3"
  resolved "https://registry.yarnpkg.com/ckeditor/-/ckeditor-4.7.3.tgz#b486fb9eb91af9532a0acfaea4a55374970254d5"
  integrity sha1-tIb7nrka+VMqCs+upKVTdJcCVNU=

codemirror@~5.28.0:
  version "5.28.0"
  resolved "https://registry.yarnpkg.com/codemirror/-/codemirror-5.28.0.tgz#2978d9280d671351a4f5737d06bbd681a0fd6f83"
  integrity sha512-E/Z6050shti9v9ivl0dUClVRM4xaH204jsJmEpNYC6KDTlQwAz+5DdhLzn0tjaL/Mp1P0J1uhZokcSP2RFSwlA==

editymceditface.client@^14.1.0:
  version "14.1.0"
  resolved "https://registry.yarnpkg.com/editymceditface.client/-/editymceditface.client-14.1.0.tgz#9d242cc7bd4dde8684ffc32e40a950a29c3ab81a"
  integrity sha512-no0M5pXDYHk4TfyQbzwfyYd1vwCCj/M2mOtGIscqRih+qAU0m/CfGZj2J5f4QfJJctlDodrcz4hLIdY470wRrA==
  dependencies:
    bootstrap "~3.3.7"
    ckeditor "~4.7.1"
    ckeditor-youtube-plugin "^2.1.5"
    codemirror "~5.28.0"
    htmlrapier ">=14.5.0"
    htmlrapier.bootstrap ">=6.0.4"
    htmlrapier.halcyon ">=7.1.0"
    htmlrapier.sidebar ">=3.0.2"
    htmlrapier.treemenu ">=6.0.1"
    htmlrapier.widgets ">=9.2.0"
    jsns ">=5.0.0"

htmlrapier.bootstrap@>=6.0.4:
  version "7.0.0"
  resolved "https://registry.yarnpkg.com/htmlrapier.bootstrap/-/htmlrapier.bootstrap-7.0.0.tgz#27ccdcdf652a05e0c92978642354f0b203d70a35"
  integrity sha512-rqSwSbd8cRwx9xIf08B/1Wo9c58uVXnNeDsU3LVsohiTkvaZmSzk8q3gJ+WnDUcdMxSDhMyDiKCr80cxtp2JGQ==
  dependencies:
    bootstrap ">=3.3.7"
    htmlrapier ">=8.1.0"
    jquery ">=3.2.1"

htmlrapier.form.bootstrap3@^1.0.0:
  version "1.0.0"
  resolved "https://registry.yarnpkg.com/htmlrapier.form.bootstrap3/-/htmlrapier.form.bootstrap3-1.0.0.tgz#75bd08b70f5dadeb91bccde27861f7f5794854f5"
  integrity sha512-hK5duDHsPOcANWU+mAvvjZvrIyPALn2TpRQfg6oVolcvCAK6XzDwuQnFVcC+f0PH1gYJLyyUO41csbgtINTuLA==
  dependencies:
    bootstrap "^3.3.7"
    htmlrapier ">=19.0.0"
    jquery ">=3.2.1"

htmlrapier.halcyon@>=7.0.0, htmlrapier.halcyon@>=7.1.0, htmlrapier.halcyon@^7.1.0:
  version "7.1.0"
  resolved "https://registry.yarnpkg.com/htmlrapier.halcyon/-/htmlrapier.halcyon-7.1.0.tgz#76391959e89ac0b688ae89f06ee05898c6c4213b"
  integrity sha512-Kqni9nfT0KnaQ649gbAp8TZOTekHQvJISdJYP6HWHR0A9NabdcGvXJ1YYzi/6P2mDPoi3FhH6eKfl7GiZd0bvg==
  dependencies:
    htmlrapier ">=10.0.2"

htmlrapier.sidebar@>=3.0.2:
  version "3.0.2"
  resolved "https://registry.yarnpkg.com/htmlrapier.sidebar/-/htmlrapier.sidebar-3.0.2.tgz#df1f55a84bb56f63286d228463d1792f961788b0"
  integrity sha1-3x9VqEu1b2MobSKEY9F5L5YXiLA=
  dependencies:
    bootstrap "~3.3.6"
    htmlrapier ">=10.0.0"

htmlrapier.treemenu@>=6.0.1:
  version "6.1.0"
  resolved "https://registry.yarnpkg.com/htmlrapier.treemenu/-/htmlrapier.treemenu-6.1.0.tgz#8971d3ed1b0b76683da662e9398f87bc5fe4fcec"
  integrity sha512-HJNMxtuq3/6TC0aR0/9rXGSiRQ6MoxRir3b9qj8wthcQ3pQDYLsM1FFeZaUmz6FLf2dL3d810ze4knoNhXA46g==
  dependencies:
    htmlrapier ">=8.0.1"

htmlrapier.widgets@>=9.2.0, htmlrapier.widgets@^15.5.0:
  version "15.5.0"
  resolved "https://registry.yarnpkg.com/htmlrapier.widgets/-/htmlrapier.widgets-15.5.0.tgz#aacc1a01e83bee21d57bef86154f94a32b4c390b"
  integrity sha512-QFImjBlEdYpQwPXz5OaipOY+1UoeORz5N+D1zXt3OPoEd2qI942x8rDDn95NRmRReLwc3U7AzXqY/t+hePwNug==
  dependencies:
    htmlrapier ">=14.3.0"
    htmlrapier.halcyon ">=7.0.0"

htmlrapier@>=10.0.0, htmlrapier@>=10.0.2, htmlrapier@>=14.3.0, htmlrapier@>=14.5.0, htmlrapier@>=19.0.0, htmlrapier@>=8.0.1, htmlrapier@>=8.1.0, htmlrapier@^19.0.2:
  version "19.1.1"
  resolved "https://registry.yarnpkg.com/htmlrapier/-/htmlrapier-19.1.1.tgz#b54d71d86bcb2a2c70a12d875bbe7ef82a2a193e"
  integrity sha512-jicsuG9znSZojSrxhrj+a5tgEge+tmtp4f2ZaAgB260L+O6ZHV5xZczP5BQ8UqGCKaa8VOP1yIB6UBR0aUtZlQ==
  dependencies:
    "@types/es6-promise" "^0.0.32"
    tslib "^1.6.1"

jquery@>=3.2.1:
  version "3.3.1"
  resolved "https://registry.yarnpkg.com/jquery/-/jquery-3.3.1.tgz#958ce29e81c9790f31be7792df5d4d95fc57fbca"
  integrity sha512-Ubldcmxp5np52/ENotGxlLe6aGMvmF4R8S6tZjsP6Knsaxd/xp3Zrh50cG93lR6nPXyUFwzN3ZSOQI0wRJNdGg==

jsns@>=5.0.0, jsns@^5.0.0:
  version "5.0.0"
  resolved "https://registry.yarnpkg.com/jsns/-/jsns-5.0.0.tgz#c76429b822a68100eef8d4b8d3f1172b028664e4"
  integrity sha1-x2QpuCKmgQDu+NS40/EXKwKGZOQ=

tslib@^1.6.1:
  version "1.9.3"
  resolved "https://registry.yarnpkg.com/tslib/-/tslib-1.9.3.tgz#d7e4dd79245d85428c4d7e4822a79917954ca286"
  integrity sha512-4krF8scpejhaOgqzBEcGM7yDIEfi0/8+8zDRZhNZZ2kjmHJ4hv3zCbQWxoJGz1iw5U0Jl0nma13xzHXcncMavQ==
